<Solution>
  <Project Path="Game.Platforming.csproj" />
  <Project Path="Game.Interactions.csproj" />
  <Project Path="Game.Player.csproj" />
  <Project Path="Game.UICustom.csproj" />
  <Project Path="Game.RollyPolly.csproj" />
  <Project Path="Game.Checkpoints.csproj" />
  <Project Path="Game.Interfaces.csproj" />
  <Project Path="Assembly-CSharp.csproj" />
  <Project Path="Assembly-CSharp-Editor.csproj" />
  <Project Path="Game.GameState.csproj" />
</Solution>
